// !$*UTF8*$!
{
	archiveVersion = 1;
	classes = {
	};
	objectVersion = 110;
	objects = {

/* Begin PBXBuildFile section */
B2000000000000000000000B = {isa = PBXBuildFile; fileRef = B20000000000000000000002; settings = {ATTRIBUTES = (RemoveHeadersOnCopy, CodeSignOnCopy, ); }; };
C30000000000000000000001 = {isa = PBXBuildFile; productRef = C30000000000000000000002; };
/* End PBXBuildFile section */

/* Begin PBXFileReference section */
		84763E12305BE82A00C50265 /* Talos.app */ = {isa = PBXFileReference; explicitFileType = wrapper.application; includeInIndex = 0; path = Talos.app; sourceTree = BUILT_PRODUCTS_DIR; };
B20000000000000000000002 = {isa = PBXFileReference; explicitFileType = wrapper.application; path = "Talos.app"; sourceTree = BUILT_PRODUCTS_DIR; };
D40000000000000000000001 /* TalosUITests.xctest */ = {isa = PBXFileReference; explicitFileType = wrapper.cfbundle; includeInIndex = 0; path = TalosUITests.xctest; sourceTree = BUILT_PRODUCTS_DIR; };
/* End PBXFileReference section */

/* Begin PBXFileSystemSynchronizedRootGroup section */
		84763E14305BE82A00C50265 /* Talos */ = {
			isa = PBXFileSystemSynchronizedRootGroup;
			exceptions = (B2000000000000000000000F, );
			path = Talos;
			sourceTree = "<group>";
		};
B20000000000000000000003 = {isa = PBXFileSystemSynchronizedRootGroup; path = TalosSettings; sourceTree = "<group>"; };
D40000000000000000000002 = {isa = PBXFileSystemSynchronizedRootGroup; path = TalosUITests; sourceTree = "<group>"; };
/* End PBXFileSystemSynchronizedRootGroup section */

/* Begin PBXFrameworksBuildPhase section */
		84763E0F305BE82A00C50265 /* Frameworks */ = {
			isa = PBXFrameworksBuildPhase;
			files = (
C30000000000000000000001,
			);
		};
B20000000000000000000005 = {isa = PBXFrameworksBuildPhase; files = (); };
D40000000000000000000003 = {isa = PBXFrameworksBuildPhase; buildActionMask = 2147483647; files = (); runOnlyForDeploymentPostprocessing = 0; };
/* End PBXFrameworksBuildPhase section */

/* Begin PBXFileSystemSynchronizedBuildFileExceptionSet section */
B2000000000000000000000F = {isa = PBXFileSystemSynchronizedBuildFileExceptionSet; membershipExceptions = (App/TalosApp.swift, ); target = B20000000000000000000001; };
/* End PBXFileSystemSynchronizedBuildFileExceptionSet section */
/* Begin PBXContainerItemProxy section */
B2000000000000000000000D = {isa = PBXContainerItemProxy; containerPortal = 84763E0A305BE82A00C50265; proxyType = 1; remoteGlobalIDString = B20000000000000000000001; remoteInfo = TalosSettings; };
D4000000000000000000000A = {isa = PBXContainerItemProxy; containerPortal = 84763E0A305BE82A00C50265; proxyType = 1; remoteGlobalIDString = B20000000000000000000001; remoteInfo = TalosSettings; };
/* End PBXContainerItemProxy section */
/* Begin PBXTargetDependency section */
B2000000000000000000000E = {isa = PBXTargetDependency; target = B20000000000000000000001; targetProxy = B2000000000000000000000D; };
D4000000000000000000000B = {isa = PBXTargetDependency; target = B20000000000000000000001; targetProxy = D4000000000000000000000A; };
/* End PBXTargetDependency section */
/* Begin PBXCopyFilesBuildPhase section */
B2000000000000000000000C = {isa = PBXCopyFilesBuildPhase; buildActionMask = 2147483647; dstPath = Contents/Helpers; dstSubfolderSpec = 1; files = (B2000000000000000000000B, ); name = "Embed Settings App"; runOnlyForDeploymentPostprocessing = 0; };
/* End PBXCopyFilesBuildPhase section */
/* Begin PBXGroup section */
		84763E09305BE82A00C50265 = {
			isa = PBXGroup;
			children = (
				B20000000000000000000003 /* TalosSettings */,
				84763E14305BE82A00C50265 /* Talos */,
				D40000000000000000000002 /* TalosUITests */,
				84763E13305BE82A00C50265 /* Products */,
			);
			sourceTree = "<group>";
		};
		84763E13305BE82A00C50265 /* Products */ = {
			isa = PBXGroup;
			children = (
				84763E12305BE82A00C50265 /* Talos.app */,
B20000000000000000000002,
D40000000000000000000001 /* TalosUITests.xctest */,
			);
			name = Products;
			sourceTree = "<group>";
		};
/* End PBXGroup section */

/* Begin PBXNativeTarget section */
		84763E11305BE82A00C50265 /* Talos */ = {
			isa = PBXNativeTarget;
			buildConfigurationList = 84763E1D305BE82B00C50265 /* Build configuration list for PBXNativeTarget "Talos" */;
			buildPhases = (
				84763E0E305BE82A00C50265 /* Sources */,
				84763E0F305BE82A00C50265 /* Frameworks */,
				84763E10305BE82A00C50265 /* Resources */,
B2000000000000000000000C,
E50000000000000000000001,
E50000000000000000000002,
			);
			buildRules = (
			);
 dependencies = (B2000000000000000000000E, );
			fileSystemSynchronizedGroups = (
				84763E14305BE82A00C50265 /* Talos */,
			);
            packageProductDependencies = (C30000000000000000000002);
			name = Talos;
			productName = Talos;
			productReference = 84763E12305BE82A00C50265 /* Talos.app */;
			productType = "com.apple.product-type.application";
		};
B20000000000000000000001 = {isa = PBXNativeTarget; buildConfigurationList = B20000000000000000000007; buildPhases = (B20000000000000000000004, B20000000000000000000005, B20000000000000000000006, ); buildRules = (); dependencies = (); fileSystemSynchronizedGroups = (84763E14305BE82A00C50265, B20000000000000000000003, ); packageProductDependencies = (); name = TalosSettings; productName = "Talos"; productReference = B20000000000000000000002; productType = "com.apple.product-type.application"; };
D40000000000000000000006 /* TalosUITests */ = {isa = PBXNativeTarget; buildConfigurationList = D40000000000000000000007; buildPhases = (D40000000000000000000004, D40000000000000000000003, D40000000000000000000005, ); buildRules = (); dependencies = (D4000000000000000000000B, ); fileSystemSynchronizedGroups = (D40000000000000000000002, ); name = TalosUITests; productName = TalosUITests; productReference = D40000000000000000000001; productType = "com.apple.product-type.bundle.ui-testing"; };
/* End PBXNativeTarget section */

/* Begin PBXProject section */
		84763E0A305BE82A00C50265 /* Project object */ = {
			isa = PBXProject;
			attributes = {
				BuildIndependentTargetsInParallel = 1;
				LastSwiftUpdateCheck = 2700;
				LastUpgradeCheck = 2700;
				TargetAttributes = {
					84763E11305BE82A00C50265 = {
						CreatedOnToolsVersion = 27.0;
					};
				};
			};
			buildConfigurationList = 84763E0D305BE82A00C50265 /* Build configuration list for PBXProject "Talos" */;
			developmentRegion = en;
			hasScannedForEncodings = 0;
			knownRegions = (
				en,
				Base,
                nl, es, fr,
			);
			mainGroup = 84763E09305BE82A00C50265;
			minimizedProjectReferenceProxies = 1;
            packageReferences = (C30000000000000000000003);
			preferredProjectObjectVersion = 77;
			productRefGroup = 84763E13305BE82A00C50265 /* Products */;
			projectDirPath = "";
			projectRoot = "";
			targets = (
B20000000000000000000001,
				84763E11305BE82A00C50265 /* Talos */,
D40000000000000000000006 /* TalosUITests */,
			);
		};
/* End PBXProject section */

/* Begin PBXResourcesBuildPhase section */
		84763E10305BE82A00C50265 /* Resources */ = {
			isa = PBXResourcesBuildPhase;
			files = (
			);
		};
B20000000000000000000006 = {isa = PBXResourcesBuildPhase; files = (); };
D40000000000000000000005 = {isa = PBXResourcesBuildPhase; buildActionMask = 2147483647; files = (); runOnlyForDeploymentPostprocessing = 0; };
/* End PBXResourcesBuildPhase section */

/* Begin PBXShellScriptBuildPhase section */
E50000000000000000000002 = {isa = PBXShellScriptBuildPhase; buildActionMask = 2147483647; files = (); inputPaths = (); alwaysOutOfDate = 1; outputPaths = ("$(TARGET_BUILD_DIR)/$(UNLOCALIZED_RESOURCES_FOLDER_PATH)/built-in-actions.talos", "$(TARGET_BUILD_DIR)/$(UNLOCALIZED_RESOURCES_FOLDER_PATH)/built-in-actions.json", ); name = "Build and Embed Talos Actions"; runOnlyForDeploymentPostprocessing = 0; shellPath = /bin/bash; shellScript = "bash \"$SRCROOT/scripts/build-actions.sh\""; };
E50000000000000000000001 = {isa = PBXShellScriptBuildPhase; buildActionMask = 2147483647; files = (); inputPaths = (); alwaysOutOfDate = 1; outputPaths = ("$(TARGET_BUILD_DIR)/$(CONTENTS_FOLDER_PATH)/Helpers/node", "$(TARGET_BUILD_DIR)/$(UNLOCALIZED_RESOURCES_FOLDER_PATH)/Node-LICENSE.txt", ); name = "Embed JavaScript Runtime"; runOnlyForDeploymentPostprocessing = 0; shellPath = /bin/bash; shellScript = "bash \"$SRCROOT/scripts/embed-node.sh\""; };
/* End PBXShellScriptBuildPhase section */

/* Begin PBXSourcesBuildPhase section */
		84763E0E305BE82A00C50265 /* Sources */ = {
			isa = PBXSourcesBuildPhase;
			files = (
			);
		};
B20000000000000000000004 = {isa = PBXSourcesBuildPhase; files = (); };
D40000000000000000000004 = {isa = PBXSourcesBuildPhase; buildActionMask = 2147483647; files = (); runOnlyForDeploymentPostprocessing = 0; };
/* End PBXSourcesBuildPhase section */

/* Begin XCRemoteSwiftPackageReference section */
C30000000000000000000003 = {isa = XCRemoteSwiftPackageReference; repositoryURL = "https://github.com/sparkle-project/Sparkle"; requirement = {kind = upToNextMajorVersion; minimumVersion = 2.8.0; }; };
/* End XCRemoteSwiftPackageReference section */
/* Begin XCLocalSwiftPackageReference section */
/* End XCLocalSwiftPackageReference section */
/* Begin XCSwiftPackageProductDependency section */
C30000000000000000000002 = {isa = XCSwiftPackageProductDependency; package = C30000000000000000000003; productName = Sparkle; };
/* End XCSwiftPackageProductDependency section */

/* Begin XCBuildConfiguration section */
		84763E1B305BE82B00C50265 /* Debug configuration for PBXProject "Talos" */ = {
			isa = XCBuildConfiguration;
			buildSettings = {
				ALWAYS_SEARCH_USER_PATHS = NO;
				ASSETCATALOG_COMPILER_GENERATE_SWIFT_ASSET_SYMBOL_EXTENSIONS = YES;
				CLANG_ANALYZER_NONNULL = YES;
				CLANG_ANALYZER_NUMBER_OBJECT_CONVERSION = YES_AGGRESSIVE;
				CLANG_CXX_LANGUAGE_STANDARD = "gnu++20";
				CLANG_ENABLE_MODULES = YES;
				CLANG_ENABLE_OBJC_ARC = YES;
				CLANG_ENABLE_OBJC_WEAK = YES;
				CLANG_WARN_BLOCK_CAPTURE_AUTORELEASING = YES;
				CLANG_WARN_BOOL_CONVERSION = YES;
				CLANG_WARN_COMMA = YES;
				CLANG_WARN_CONSTANT_CONVERSION = YES;
				CLANG_WARN_DEPRECATED_OBJC_IMPLEMENTATIONS = YES;
				CLANG_WARN_DIRECT_OBJC_ISA_USAGE = YES_ERROR;
				CLANG_WARN_DOCUMENTATION_COMMENTS = YES;
				CLANG_WARN_EMPTY_BODY = YES;
				CLANG_WARN_ENUM_CONVERSION = YES;
				CLANG_WARN_INFINITE_RECURSION = YES;
				CLANG_WARN_INT_CONVERSION = YES;
				CLANG_WARN_NON_LITERAL_NULL_CONVERSION = YES;
				CLANG_WARN_OBJC_IMPLICIT_RETAIN_SELF = YES;
				CLANG_WARN_OBJC_LITERAL_CONVERSION = YES;
				CLANG_WARN_OBJC_ROOT_CLASS = YES_ERROR;
				CLANG_WARN_QUOTED_INCLUDE_IN_FRAMEWORK_HEADER = YES;
				CLANG_WARN_RANGE_LOOP_ANALYSIS = YES;
				CLANG_WARN_STRICT_PROTOTYPES = YES;
				CLANG_WARN_SUSPICIOUS_MOVE = YES;
				CLANG_WARN_UNGUARDED_AVAILABILITY = YES_AGGRESSIVE;
				CLANG_WARN_UNREACHABLE_CODE = YES;
				CLANG_WARN__DUPLICATE_METHOD_MATCH = YES;
				COPY_PHASE_STRIP = NO;
				DEBUG_INFORMATION_FORMAT = dwarf;
				DEVELOPMENT_TEAM = U6WA8YA735;
				ENABLE_STRICT_OBJC_MSGSEND = YES;
				ENABLE_TESTABILITY = YES;
				ENABLE_USER_SCRIPT_SANDBOXING = NO;
				GCC_C_LANGUAGE_STANDARD = gnu17;
				GCC_DYNAMIC_NO_PIC = NO;
				GCC_NO_COMMON_BLOCKS = YES;
				GCC_OPTIMIZATION_LEVEL = 0;
				GCC_PREPROCESSOR_DEFINITIONS = (
					"DEBUG=1",
					"$(inherited)",
				);
				GCC_WARN_64_TO_32_BIT_CONVERSION = YES;
				GCC_WARN_ABOUT_RETURN_TYPE = YES_ERROR;
				GCC_WARN_UNDECLARED_SELECTOR = YES;
				GCC_WARN_UNINITIALIZED_AUTOS = YES_AGGRESSIVE;
				GCC_WARN_UNUSED_FUNCTION = YES;
				GCC_WARN_UNUSED_VARIABLE = YES;
				LOCALIZATION_PREFERS_STRING_CATALOGS = YES;
				MACOSX_DEPLOYMENT_TARGET = 27.0;
				MTL_ENABLE_DEBUG_INFO = INCLUDE_SOURCE;
				MTL_FAST_MATH = YES;
				ONLY_ACTIVE_ARCH = YES;
				SDKROOT = macosx;
				SWIFT_ACTIVE_COMPILATION_CONDITIONS = "DEBUG $(inherited)";
				SWIFT_OPTIMIZATION_LEVEL = "-Onone";
			};
			name = Debug;
		};
		84763E1C305BE82B00C50265 /* Release configuration for PBXProject "Talos" */ = {
			isa = XCBuildConfiguration;
			buildSettings = {
				ALWAYS_SEARCH_USER_PATHS = NO;
				ASSETCATALOG_COMPILER_GENERATE_SWIFT_ASSET_SYMBOL_EXTENSIONS = YES;
				CLANG_ANALYZER_NONNULL = YES;
				CLANG_ANALYZER_NUMBER_OBJECT_CONVERSION = YES_AGGRESSIVE;
				CLANG_CXX_LANGUAGE_STANDARD = "gnu++20";
				CLANG_ENABLE_MODULES = YES;
				CLANG_ENABLE_OBJC_ARC = YES;
				CLANG_ENABLE_OBJC_WEAK = YES;
				CLANG_WARN_BLOCK_CAPTURE_AUTORELEASING = YES;
				CLANG_WARN_BOOL_CONVERSION = YES;
				CLANG_WARN_COMMA = YES;
				CLANG_WARN_CONSTANT_CONVERSION = YES;
				CLANG_WARN_DEPRECATED_OBJC_IMPLEMENTATIONS = YES;
				CLANG_WARN_DIRECT_OBJC_ISA_USAGE = YES_ERROR;
				CLANG_WARN_DOCUMENTATION_COMMENTS = YES;
				CLANG_WARN_EMPTY_BODY = YES;
				CLANG_WARN_ENUM_CONVERSION = YES;
				CLANG_WARN_INFINITE_RECURSION = YES;
				CLANG_WARN_INT_CONVERSION = YES;
				CLANG_WARN_NON_LITERAL_NULL_CONVERSION = YES;
				CLANG_WARN_OBJC_IMPLICIT_RETAIN_SELF = YES;
				CLANG_WARN_OBJC_LITERAL_CONVERSION = YES;
				CLANG_WARN_OBJC_ROOT_CLASS = YES_ERROR;
				CLANG_WARN_QUOTED_INCLUDE_IN_FRAMEWORK_HEADER = YES;
				CLANG_WARN_RANGE_LOOP_ANALYSIS = YES;
				CLANG_WARN_STRICT_PROTOTYPES = YES;
				CLANG_WARN_SUSPICIOUS_MOVE = YES;
				CLANG_WARN_UNGUARDED_AVAILABILITY = YES_AGGRESSIVE;
				CLANG_WARN_UNREACHABLE_CODE = YES;
				CLANG_WARN__DUPLICATE_METHOD_MATCH = YES;
				COPY_PHASE_STRIP = NO;
				DEBUG_INFORMATION_FORMAT = "dwarf-with-dsym";
				DEVELOPMENT_TEAM = U6WA8YA735;
				ENABLE_NS_ASSERTIONS = NO;
				ENABLE_STRICT_OBJC_MSGSEND = YES;
				ENABLE_USER_SCRIPT_SANDBOXING = NO;
				GCC_C_LANGUAGE_STANDARD = gnu17;
				GCC_NO_COMMON_BLOCKS = YES;
				GCC_WARN_64_TO_32_BIT_CONVERSION = YES;
				GCC_WARN_ABOUT_RETURN_TYPE = YES_ERROR;
				GCC_WARN_UNDECLARED_SELECTOR = YES;
				GCC_WARN_UNINITIALIZED_AUTOS = YES_AGGRESSIVE;
				GCC_WARN_UNUSED_FUNCTION = YES;
				GCC_WARN_UNUSED_VARIABLE = YES;
				LOCALIZATION_PREFERS_STRING_CATALOGS = YES;
				MACOSX_DEPLOYMENT_TARGET = 27.0;
				MTL_ENABLE_DEBUG_INFO = NO;
				MTL_FAST_MATH = YES;
				SDKROOT = macosx;
				SWIFT_COMPILATION_MODE = wholemodule;
			};
			name = Release;
		};
		84763E1E305BE82B00C50265 /* Debug configuration for PBXNativeTarget "Talos" */ = {
			isa = XCBuildConfiguration;
			buildSettings = {
				ASSETCATALOG_COMPILER_APPICON_NAME = TalosIcon;
				ASSETCATALOG_COMPILER_GLOBAL_ACCENT_COLOR_NAME = AccentColor;
				CODE_SIGN_STYLE = Automatic;
				COMBINE_HIDPI_IMAGES = YES;
				CURRENT_PROJECT_VERSION = 1;
				DEVELOPMENT_TEAM = U6WA8YA735;
				CODE_SIGN_ENTITLEMENTS = Configuration/Talos.entitlements;
				ENABLE_APP_SANDBOX = NO;
				ENABLE_HARDENED_RUNTIME = YES;
				ENABLE_PREVIEWS = YES;
				ENABLE_USER_SELECTED_FILES = readwrite;
				ENABLE_OUTGOING_NETWORK_CONNECTIONS = YES;
				GENERATE_INFOPLIST_FILE = YES;
				INFOPLIST_KEY_NSHumanReadableCopyright = "";
				INFOPLIST_KEY_LSUIElement = YES;
                SWIFT_ACTIVE_COMPILATION_CONDITIONS = "$(inherited) TALOS_HOST";
                INFOPLIST_FILE = Configuration/Info.plist;
				LD_RUNPATH_SEARCH_PATHS = (
					"$(inherited)",
					"@executable_path/../Frameworks",
				);
				MARKETING_VERSION = 1.0;
				PRODUCT_BUNDLE_IDENTIFIER = com.thom1606.Talos;
				PRODUCT_NAME = "$(TARGET_NAME)";
				REGISTER_APP_GROUPS = YES;
				STRING_CATALOG_GENERATE_SYMBOLS = YES;
				SWIFT_APPROACHABLE_CONCURRENCY = YES;
				SWIFT_DEFAULT_ACTOR_ISOLATION = MainActor;
				SWIFT_EMIT_LOC_STRINGS = YES;
				SWIFT_UPCOMING_FEATURE_MEMBER_IMPORT_VISIBILITY = YES;
				SWIFT_VERSION = 6.0;
			};
			name = Debug;
		};
		84763E1F305BE82B00C50265 /* Release configuration for PBXNativeTarget "Talos" */ = {
			isa = XCBuildConfiguration;
			buildSettings = {
				ASSETCATALOG_COMPILER_APPICON_NAME = TalosIcon;
				ASSETCATALOG_COMPILER_GLOBAL_ACCENT_COLOR_NAME = AccentColor;
				CODE_SIGN_STYLE = Automatic;
				COMBINE_HIDPI_IMAGES = YES;
				CURRENT_PROJECT_VERSION = 1;
				DEVELOPMENT_TEAM = U6WA8YA735;
				CODE_SIGN_ENTITLEMENTS = Configuration/Talos.entitlements;
				ENABLE_APP_SANDBOX = NO;
				ENABLE_HARDENED_RUNTIME = YES;
				ENABLE_PREVIEWS = YES;
				ENABLE_USER_SELECTED_FILES = readwrite;
				ENABLE_OUTGOING_NETWORK_CONNECTIONS = YES;
				GENERATE_INFOPLIST_FILE = YES;
				INFOPLIST_KEY_NSHumanReadableCopyright = "";
				INFOPLIST_KEY_LSUIElement = YES;
                SWIFT_ACTIVE_COMPILATION_CONDITIONS = "$(inherited) TALOS_HOST";
                INFOPLIST_FILE = Configuration/Info.plist;
				LD_RUNPATH_SEARCH_PATHS = (
					"$(inherited)",
					"@executable_path/../Frameworks",
				);
				MARKETING_VERSION = 1.0;
				PRODUCT_BUNDLE_IDENTIFIER = com.thom1606.Talos;
				PRODUCT_NAME = "$(TARGET_NAME)";
				REGISTER_APP_GROUPS = YES;
				STRING_CATALOG_GENERATE_SYMBOLS = YES;
				SWIFT_APPROACHABLE_CONCURRENCY = YES;
				SWIFT_DEFAULT_ACTOR_ISOLATION = MainActor;
				SWIFT_EMIT_LOC_STRINGS = YES;
				SWIFT_UPCOMING_FEATURE_MEMBER_IMPORT_VISIBILITY = YES;
				SWIFT_VERSION = 6.0;
			};
			name = Release;
		};
B20000000000000000000008 /* Debug configuration for PBXNativeTarget "Talos" */ = {
			isa = XCBuildConfiguration;
			buildSettings = {
				ASSETCATALOG_COMPILER_APPICON_NAME = TalosIcon;
				ASSETCATALOG_COMPILER_GLOBAL_ACCENT_COLOR_NAME = AccentColor;
				CODE_SIGN_STYLE = Automatic;
				COMBINE_HIDPI_IMAGES = YES;
				CURRENT_PROJECT_VERSION = 1;
				DEVELOPMENT_TEAM = U6WA8YA735;
				CODE_SIGN_ENTITLEMENTS = Configuration/Talos.entitlements;
				ENABLE_APP_SANDBOX = NO;
				ENABLE_HARDENED_RUNTIME = YES;
				ENABLE_PREVIEWS = YES;
				ENABLE_USER_SELECTED_FILES = readwrite;
				ENABLE_OUTGOING_NETWORK_CONNECTIONS = YES;
				EXECUTABLE_NAME = Talos;
				GENERATE_INFOPLIST_FILE = NO;
				INFOPLIST_KEY_NSHumanReadableCopyright = "";
				INFOPLIST_KEY_LSUIElement = NO;
                INFOPLIST_KEY_CFBundleDisplayName = Talos;
                INFOPLIST_FILE = Configuration/Settings-Info.plist;
 SWIFT_ACTIVE_COMPILATION_CONDITIONS = "$(inherited) TALOS_SETTINGS";
				LD_RUNPATH_SEARCH_PATHS = (
					"$(inherited)",
					"@executable_path/../Frameworks",
				);
				MARKETING_VERSION = 1.0;
				PRODUCT_BUNDLE_IDENTIFIER = com.thom1606.Talos.Settings;
				PRODUCT_NAME = Talos;
                CONFIGURATION_BUILD_DIR = "$(BUILD_DIR)/$(CONFIGURATION)$(EFFECTIVE_PLATFORM_NAME)/TalosSettings";
 SKIP_INSTALL = YES;
				REGISTER_APP_GROUPS = YES;
				STRING_CATALOG_GENERATE_SYMBOLS = YES;
				SWIFT_APPROACHABLE_CONCURRENCY = YES;
				SWIFT_DEFAULT_ACTOR_ISOLATION = MainActor;
				SWIFT_EMIT_LOC_STRINGS = YES;
				SWIFT_UPCOMING_FEATURE_MEMBER_IMPORT_VISIBILITY = YES;
				SWIFT_VERSION = 6.0;
			};
			name = Debug;
		};
B20000000000000000000009 /* Release configuration for PBXNativeTarget "Talos" */ = {
			isa = XCBuildConfiguration;
			buildSettings = {
				ASSETCATALOG_COMPILER_APPICON_NAME = TalosIcon;
				ASSETCATALOG_COMPILER_GLOBAL_ACCENT_COLOR_NAME = AccentColor;
				CODE_SIGN_STYLE = Automatic;
				COMBINE_HIDPI_IMAGES = YES;
				CURRENT_PROJECT_VERSION = 1;
				DEVELOPMENT_TEAM = U6WA8YA735;
				CODE_SIGN_ENTITLEMENTS = Configuration/Talos.entitlements;
				ENABLE_APP_SANDBOX = NO;
				ENABLE_HARDENED_RUNTIME = YES;
				ENABLE_PREVIEWS = YES;
				ENABLE_USER_SELECTED_FILES = readwrite;
				ENABLE_OUTGOING_NETWORK_CONNECTIONS = YES;
				EXECUTABLE_NAME = Talos;
				GENERATE_INFOPLIST_FILE = NO;
				INFOPLIST_KEY_NSHumanReadableCopyright = "";
				INFOPLIST_KEY_LSUIElement = NO;
                INFOPLIST_KEY_CFBundleDisplayName = Talos;
                INFOPLIST_FILE = Configuration/Settings-Info.plist;
 SWIFT_ACTIVE_COMPILATION_CONDITIONS = "$(inherited) TALOS_SETTINGS";
				LD_RUNPATH_SEARCH_PATHS = (
					"$(inherited)",
					"@executable_path/../Frameworks",
				);
				MARKETING_VERSION = 1.0;
				PRODUCT_BUNDLE_IDENTIFIER = com.thom1606.Talos.Settings;
				PRODUCT_NAME = Talos;
                CONFIGURATION_BUILD_DIR = "$(BUILD_DIR)/$(CONFIGURATION)$(EFFECTIVE_PLATFORM_NAME)/TalosSettings";
 SKIP_INSTALL = YES;
				REGISTER_APP_GROUPS = YES;
				STRING_CATALOG_GENERATE_SYMBOLS = YES;
				SWIFT_APPROACHABLE_CONCURRENCY = YES;
				SWIFT_DEFAULT_ACTOR_ISOLATION = MainActor;
				SWIFT_EMIT_LOC_STRINGS = YES;
				SWIFT_UPCOMING_FEATURE_MEMBER_IMPORT_VISIBILITY = YES;
				SWIFT_VERSION = 6.0;
			};
			name = Release;
		};
D40000000000000000000008 /* Debug configuration for PBXNativeTarget "TalosUITests" */ = {
			isa = XCBuildConfiguration;
			buildSettings = {
				DEVELOPMENT_TEAM = U6WA8YA735;
				GENERATE_INFOPLIST_FILE = YES;
				MACOSX_DEPLOYMENT_TARGET = 27.0;
				PRODUCT_BUNDLE_IDENTIFIER = com.thom1606.Talos.UITests;
				PRODUCT_NAME = "$(TARGET_NAME)";
				SDKROOT = macosx;
				SWIFT_APPROACHABLE_CONCURRENCY = YES;
				SWIFT_DEFAULT_ACTOR_ISOLATION = MainActor;
				SWIFT_VERSION = 5.0;
				TEST_TARGET_NAME = TalosSettings;
			};
			name = Debug;
		};
D40000000000000000000009 /* Release configuration for PBXNativeTarget "TalosUITests" */ = {
			isa = XCBuildConfiguration;
			buildSettings = {
				DEVELOPMENT_TEAM = U6WA8YA735;
				GENERATE_INFOPLIST_FILE = YES;
				MACOSX_DEPLOYMENT_TARGET = 27.0;
				PRODUCT_BUNDLE_IDENTIFIER = com.thom1606.Talos.UITests;
				PRODUCT_NAME = "$(TARGET_NAME)";
				SDKROOT = macosx;
				SWIFT_APPROACHABLE_CONCURRENCY = YES;
				SWIFT_DEFAULT_ACTOR_ISOLATION = MainActor;
				SWIFT_VERSION = 5.0;
				TEST_TARGET_NAME = TalosSettings;
			};
			name = Release;
		};
/* End XCBuildConfiguration section */

/* Begin XCConfigurationList section */
		84763E0D305BE82A00C50265 /* Build configuration list for PBXProject "Talos" */ = {
			isa = XCConfigurationList;
			buildConfigurations = (
				84763E1B305BE82B00C50265 /* Debug configuration for PBXProject "Talos" */,
				84763E1C305BE82B00C50265 /* Release configuration for PBXProject "Talos" */,
			);
			defaultConfigurationName = Release;
		};
		84763E1D305BE82B00C50265 /* Build configuration list for PBXNativeTarget "Talos" */ = {
			isa = XCConfigurationList;
			buildConfigurations = (
				84763E1E305BE82B00C50265 /* Debug configuration for PBXNativeTarget "Talos" */,
				84763E1F305BE82B00C50265 /* Release configuration for PBXNativeTarget "Talos" */,
			);
			defaultConfigurationName = Release;
		};
B20000000000000000000007 = {isa = XCConfigurationList; buildConfigurations = (B20000000000000000000008, B20000000000000000000009, ); defaultConfigurationName = Release; };
D40000000000000000000007 = {isa = XCConfigurationList; buildConfigurations = (D40000000000000000000008, D40000000000000000000009, ); defaultConfigurationName = Release; };
/* End XCConfigurationList section */
	};
	rootObject = 84763E0A305BE82A00C50265 /* Project object */;
	validationLevel = 1;
}
