// !$*UTF8*$!
{
	archiveVersion = 1;
	classes = {
	};
	objectVersion = 110;
	objects = {

/* Begin PBXBuildFile section */
		C30000000000000000000001 /* Sparkle in Frameworks */ = {isa = PBXBuildFile; productRef = C30000000000000000000002 /* Sparkle */; };
		C40000000000000000000001 /* ZIPFoundation in Frameworks */ = {isa = PBXBuildFile; productRef = C40000000000000000000002 /* ZIPFoundation */; };
/* End PBXBuildFile section */

/* Begin PBXContainerItemProxy section */
		E2E00000000000000000000B = {
			isa = PBXContainerItemProxy;
			containerPortal = 84E196BE30610D2C008E80BF;
			proxyType = 1;
			remoteGlobalIDString = 84E196C530610D2C008E80BF;
			remoteInfo = Talos;
		};
/* End PBXContainerItemProxy section */
/* Begin PBXTargetDependency section */
		E2E00000000000000000000A = {
			isa = PBXTargetDependency;
			target = 84E196C530610D2C008E80BF;
			targetProxy = E2E00000000000000000000B;
		};
/* End PBXTargetDependency section */
/* Begin PBXFileReference section */
		84E196C630610D2C008E80BF /* Talos.app */ = {isa = PBXFileReference; explicitFileType = wrapper.application; includeInIndex = 0; path = Talos.app; sourceTree = BUILT_PRODUCTS_DIR; };
		E2E000000000000000000002 /* TalosUITests.xctest */ = {
			isa = PBXFileReference;
			explicitFileType = wrapper.cfbundle;
			includeInIndex = 0;
			path = TalosUITests.xctest;
			sourceTree = BUILT_PRODUCTS_DIR;
		};
/* End PBXFileReference section */

/* Begin PBXFileSystemSynchronizedRootGroup section */
		84E196C830610D2C008E80BF /* Talos */ = {
			isa = PBXFileSystemSynchronizedRootGroup;
			path = Talos;
			sourceTree = "<group>";
		};
		E2E000000000000000000003 /* TalosUITests */ = {
			isa = PBXFileSystemSynchronizedRootGroup;
			path = TalosUITests;
			sourceTree = "<group>";
		};
/* End PBXFileSystemSynchronizedRootGroup section */

/* Begin PBXFrameworksBuildPhase section */
		84E196C330610D2C008E80BF /* Frameworks */ = {
			isa = PBXFrameworksBuildPhase;
			files = (
				C30000000000000000000001 /* Sparkle in Frameworks */,
				C40000000000000000000001 /* ZIPFoundation in Frameworks */,
			);
		};
		E2E000000000000000000006 = {
			isa = PBXFrameworksBuildPhase;
			buildActionMask = 2147483647;
			files = ();
			runOnlyForDeploymentPostprocessing = 0;
		};
/* End PBXFrameworksBuildPhase section */

/* Begin PBXGroup section */
		84E196BD30610D2C008E80BF = {
			isa = PBXGroup;
			children = (
				84E196C730610D2C008E80BF /* Products */,
				84E196C830610D2C008E80BF /* Talos */,
				E2E000000000000000000003 /* TalosUITests */,
			);
			sourceTree = "<group>";
		};
		84E196C730610D2C008E80BF /* Products */ = {
			isa = PBXGroup;
			children = (
				84E196C630610D2C008E80BF /* Talos.app */,
				E2E000000000000000000002 /* TalosUITests.xctest */,
			);
			name = Products;
			sourceTree = "<group>";
		};
/* End PBXGroup section */

/* Begin PBXNativeTarget section */
		84E196C530610D2C008E80BF /* Talos */ = {
			isa = PBXNativeTarget;
			buildConfigurationList = 84E196D130610D2D008E80BF /* Build configuration list for PBXNativeTarget "Talos" */;
			buildPhases = (
				E50000000000000000000002 /* SwiftLint */,
				84E196C230610D2C008E80BF /* Sources */,
				84E196C330610D2C008E80BF /* Frameworks */,
				84E196C430610D2C008E80BF /* Resources */,
				E50000000000000000000001 /* Embed JavaScript Runtime */,
				E50000000000000000000003 /* Build Bundled Extensions */,
			);
			buildRules = (
			);
			dependencies = (
			);
			fileSystemSynchronizedGroups = (
				84E196C830610D2C008E80BF /* Talos */,
			);
			name = Talos;
			packageProductDependencies = (
				C30000000000000000000002 /* Sparkle */,
				C40000000000000000000002 /* ZIPFoundation */,
			);
			productName = Talos;
			productReference = 84E196C630610D2C008E80BF /* Talos.app */;
			productType = "com.apple.product-type.application";
		};
		E2E000000000000000000001 /* TalosUITests */ = {
			isa = PBXNativeTarget;
			buildConfigurationList = E2E000000000000000000007;
			buildPhases = (E2E000000000000000000004, E2E000000000000000000006, E2E000000000000000000005, E2E00000000000000000000C);
			buildRules = ();
			dependencies = (E2E00000000000000000000A);
			fileSystemSynchronizedGroups = (E2E000000000000000000003);
			name = TalosUITests;
			productName = TalosUITests;
			productReference = E2E000000000000000000002;
			productType = "com.apple.product-type.bundle.ui-testing";
		};
/* End PBXNativeTarget section */

/* Begin PBXProject section */
		84E196BE30610D2C008E80BF /* Project object */ = {
			isa = PBXProject;
			attributes = {
				BuildIndependentTargetsInParallel = 1;
				LastSwiftUpdateCheck = 2700;
				LastUpgradeCheck = 2700;
				TargetAttributes = {
					E2E000000000000000000001 = {
						CreatedOnToolsVersion = 27.0;
						TestTargetID = 84E196C530610D2C008E80BF;
					};
					84E196C530610D2C008E80BF = {
						CreatedOnToolsVersion = 27.0;
					};
				};
			};
			buildConfigurationList = 84E196C130610D2C008E80BF /* Build configuration list for PBXProject "Talos" */;
			developmentRegion = en;
			hasScannedForEncodings = 0;
			knownRegions = (
				en,
				de,
				nl,
				fr,
				es,
				Base,
			);
			mainGroup = 84E196BD30610D2C008E80BF;
			minimizedProjectReferenceProxies = 1;
			packageReferences = (
				C30000000000000000000003 /* XCRemoteSwiftPackageReference "Sparkle" */,
				C40000000000000000000003 /* XCRemoteSwiftPackageReference "ZIPFoundation" */,
			);
			preferredProjectObjectVersion = 77;
			productRefGroup = 84E196C730610D2C008E80BF /* Products */;
			projectDirPath = "";
			projectRoot = "";
			targets = (
				E2E000000000000000000001 /* TalosUITests */,
				84E196C530610D2C008E80BF /* Talos */,
			);
		};
/* End PBXProject section */

/* Begin PBXResourcesBuildPhase section */
		84E196C430610D2C008E80BF /* Resources */ = {
			isa = PBXResourcesBuildPhase;
			files = (
			);
		};
		E2E000000000000000000005 = {
			isa = PBXResourcesBuildPhase;
			buildActionMask = 2147483647;
			files = ();
			runOnlyForDeploymentPostprocessing = 0;
		};
/* End PBXResourcesBuildPhase section */

/* Begin PBXShellScriptBuildPhase section */
		E50000000000000000000002 /* SwiftLint */ = {
			isa = PBXShellScriptBuildPhase;
			alwaysOutOfDate = 1;
			buildActionMask = 2147483647;
			files = ();
			inputPaths = ();
			name = SwiftLint;
			outputPaths = ();
			runOnlyForDeploymentPostprocessing = 0;
			shellPath = /bin/sh;
			shellScript = "export PATH=\"/opt/homebrew/bin:/usr/local/bin:$PATH\"\nif command -v swiftlint >/dev/null 2>&1; then\n  cd \"$SRCROOT\"\n  swiftlint lint --lenient --no-cache --quiet\nelse\n  echo \"warning: SwiftLint is not installed; run brew install swiftlint\"\nfi";
		};
		E2E00000000000000000000C /* Prepare UI Media Fixtures */ = {
			isa = PBXShellScriptBuildPhase;
			alwaysOutOfDate = 1;
			buildActionMask = 2147483647;
			files = ();
			inputPaths = ();
			name = "Prepare UI Media Fixtures";
			outputPaths = ();
			runOnlyForDeploymentPostprocessing = 0;
			shellPath = /bin/bash;
			shellScript = "# The UI runner is sandboxed. Create input files in build products so Talos can\n# save beside them without a Save panel, while the runner only needs read access.\nset -euo pipefail\nroot=\"${BUILT_PRODUCTS_DIR:?}/TalosUITestFixtures\"\nrm -rf \"$root\"\nfor test in crop convert compress video archive; do\n  directory=\"$root/$test\"\n  mkdir -p \"$directory\"\n  cp \"${SRCROOT:?}/TalosUITests/Fixtures/sample.png\" \"$directory/sample.png\"\ndone\ncp \"$SRCROOT/TalosUITests/Fixtures/sample.mp4\" \"$root/video/sample.mp4\"\nprintf 'A second selected file' > \"$root/archive/notes.txt\"";
		};
		E50000000000000000000001 /* Embed JavaScript Runtime */ = {
			isa = PBXShellScriptBuildPhase;
			alwaysOutOfDate = 1;
			buildActionMask = 2147483647;
			files = (
			);
			inputPaths = (
				"$(SRCROOT)/Configuration/Node.entitlements",
			);
			name = "Embed JavaScript Runtime";
			outputPaths = (
				"$(TARGET_BUILD_DIR)/$(CONTENTS_FOLDER_PATH)/Helpers/node",
				"$(TARGET_BUILD_DIR)/$(UNLOCALIZED_RESOURCES_FOLDER_PATH)/Node-LICENSE.txt",
			);
			runOnlyForDeploymentPostprocessing = 0;
			shellPath = /bin/bash;
			shellScript = "\n# Build-time only. Users receive this runtime inside the signed Talos app, so\n# extensions never depend on a locally installed Node version.\nset -euo pipefail\n\nreadonly node_version=\"24.14.1\"\nreadonly cache_directory=\"${DERIVED_FILE_DIR:?}/node-${node_version}\"\nreadonly helpers_directory=\"${TARGET_BUILD_DIR}/${CONTENTS_FOLDER_PATH}/Helpers\"\nreadonly resources_directory=\"${TARGET_BUILD_DIR}/${UNLOCALIZED_RESOURCES_FOLDER_PATH}\"\n\nmkdir -p \"${cache_directory}\" \"${helpers_directory}\"\n\nnode_binaries=()\nfor architecture in ${ARCHS}; do\n    case \"${architecture}\" in\n        arm64) node_architecture=\"arm64\" ;;\n        x86_64) node_architecture=\"x64\" ;;\n        *)\n            echo \"Unsupported Node architecture: ${architecture}\" >&2\n            exit 1\n            ;;\n    esac\n\n    archive_name=\"node-v${node_version}-darwin-${node_architecture}\"\n    archive_path=\"${cache_directory}/${archive_name}.tar.gz\"\n    extracted_node=\"${cache_directory}/${archive_name}/bin/node\"\n\n    if [[ ! -x \"${extracted_node}\" ]]; then\n        curl --fail --location --proto '=https' --tlsv1.2 \\\n            \"https://nodejs.org/dist/v${node_version}/SHASUMS256.txt\" \\\n            --output \"${cache_directory}/SHASUMS256.txt\"\n        curl --fail --location --proto '=https' --tlsv1.2 \\\n            \"https://nodejs.org/dist/v${node_version}/${archive_name}.tar.gz\" \\\n            --output \"${archive_path}\"\n\n        (\n            cd \"${cache_directory}\"\n            awk -v archive=\"${archive_name}.tar.gz\" \\\n                '$2 == archive { print }' SHASUMS256.txt > expected.sha256\n            test -s expected.sha256\n            shasum -a 256 -c expected.sha256\n            tar -xzf \"${archive_name}.tar.gz\"\n        )\n    fi\n\n    node_binaries+=(\"${extracted_node}\")\ndone\n\ndestination=\"${helpers_directory}/node\"\nif [[ ${#node_binaries[@]} -eq 1 ]]; then\n    cp \"${node_binaries[0]}\" \"${destination}\"\nelse\n    /usr/bin/lipo -create \"${node_binaries[@]}\" -output \"${destination}\"\nfi\nchmod 755 \"${destination}\"\n\nsigning_identity=\"${EXPANDED_CODE_SIGN_IDENTITY:--}\"\nif [[ -z \"${signing_identity}\" ]]; then\n    signing_identity=\"-\"\nfi\n/usr/bin/codesign --force --sign \"${signing_identity}\" --options runtime \\\n    --entitlements \"${SRCROOT}/Configuration/Node.entitlements\" \\\n    \"${destination}\"\n\ncp \"${cache_directory}/${archive_name}/LICENSE\" \\\n    \"${resources_directory}/Node-LICENSE.txt\"";
		};
		E50000000000000000000003 /* Build Bundled Extensions */ = {
			isa = PBXShellScriptBuildPhase;
			alwaysOutOfDate = 1;
			buildActionMask = 2147483647;
			files = ();
			inputPaths = ();
			name = "Build Bundled Extensions";
			outputPaths = (
				"$(TARGET_BUILD_DIR)/$(UNLOCALIZED_RESOURCES_FOLDER_PATH)/BundledExtensions/talos-actions.talos",
			);
			runOnlyForDeploymentPostprocessing = 0;
			shellPath = /bin/bash;
			shellScript = "# Package extension-owned tools into the app; no codecs or media logic are linked into Talos.\nset -euo pipefail\nexport PATH=\"/opt/homebrew/bin:/usr/local/bin:$PATH\"\ncd \"${SRCROOT:?}/built-in-actions\"\ncommand -v npm >/dev/null || { echo 'Node/npm is required to build bundled extensions.' >&2; exit 1; }\ncommand -v cmake >/dev/null || { echo 'CMake is required to build extension codecs.' >&2; exit 1; }\ndependency_hash=\"$(shasum -a 256 package-lock.json | cut -d ' ' -f 1)\"\nif [[ ! -f node_modules/.talos-lock ]] || [[ \"$(cat node_modules/.talos-lock)\" != \"$dependency_hash\" ]]; then\n  npm ci --cache \"${DERIVED_FILE_DIR}/npm-cache\"\n  printf '%s' \"$dependency_hash\" > node_modules/.talos-lock\nfi\nnpm run typecheck\nnpm run package\nresources=\"${TARGET_BUILD_DIR}/${UNLOCALIZED_RESOURCES_FOLDER_PATH}/BundledExtensions\"\nmkdir -p \"$resources\"\ncp dist/talos-actions.talos \"$resources/talos-actions.talos\"";
		};
/* End PBXShellScriptBuildPhase section */

/* Begin PBXSourcesBuildPhase section */
		84E196C230610D2C008E80BF /* Sources */ = {
			isa = PBXSourcesBuildPhase;
			files = (
			);
		};
		E2E000000000000000000004 = {
			isa = PBXSourcesBuildPhase;
			buildActionMask = 2147483647;
			files = ();
			runOnlyForDeploymentPostprocessing = 0;
		};
/* End PBXSourcesBuildPhase section */

/* Begin XCBuildConfiguration section */
		84E196CF30610D2D008E80BF /* Debug configuration for PBXProject "Talos" */ = {
			isa = XCBuildConfiguration;
			buildSettings = {
				ALWAYS_SEARCH_USER_PATHS = NO;
				ASSETCATALOG_COMPILER_GENERATE_SWIFT_ASSET_SYMBOL_EXTENSIONS = YES;
				CLANG_ANALYZER_NONNULL = YES;
				CLANG_ANALYZER_NUMBER_OBJECT_CONVERSION = YES_AGGRESSIVE;
				CLANG_CXX_LANGUAGE_STANDARD = "gnu++20";
				CLANG_ENABLE_MODULES = YES;
				CLANG_ENABLE_OBJC_ARC = YES;
				CLANG_ENABLE_OBJC_WEAK = YES;
				CLANG_WARN_BLOCK_CAPTURE_AUTORELEASING = YES;
				CLANG_WARN_BOOL_CONVERSION = YES;
				CLANG_WARN_COMMA = YES;
				CLANG_WARN_CONSTANT_CONVERSION = YES;
				CLANG_WARN_DEPRECATED_OBJC_IMPLEMENTATIONS = YES;
				CLANG_WARN_DIRECT_OBJC_ISA_USAGE = YES_ERROR;
				CLANG_WARN_DOCUMENTATION_COMMENTS = YES;
				CLANG_WARN_EMPTY_BODY = YES;
				CLANG_WARN_ENUM_CONVERSION = YES;
				CLANG_WARN_INFINITE_RECURSION = YES;
				CLANG_WARN_INT_CONVERSION = YES;
				CLANG_WARN_NON_LITERAL_NULL_CONVERSION = YES;
				CLANG_WARN_OBJC_IMPLICIT_RETAIN_SELF = YES;
				CLANG_WARN_OBJC_LITERAL_CONVERSION = YES;
				CLANG_WARN_OBJC_ROOT_CLASS = YES_ERROR;
				CLANG_WARN_QUOTED_INCLUDE_IN_FRAMEWORK_HEADER = YES;
				CLANG_WARN_RANGE_LOOP_ANALYSIS = YES;
				CLANG_WARN_STRICT_PROTOTYPES = YES;
				CLANG_WARN_SUSPICIOUS_MOVE = YES;
				CLANG_WARN_UNGUARDED_AVAILABILITY = YES_AGGRESSIVE;
				CLANG_WARN_UNREACHABLE_CODE = YES;
				CLANG_WARN__DUPLICATE_METHOD_MATCH = YES;
				COPY_PHASE_STRIP = NO;
				DEBUG_INFORMATION_FORMAT = dwarf;
				DEVELOPMENT_TEAM = U6WA8YA735;
				ENABLE_STRICT_OBJC_MSGSEND = YES;
				ENABLE_TESTABILITY = YES;
				ENABLE_USER_SCRIPT_SANDBOXING = YES;
				GCC_C_LANGUAGE_STANDARD = gnu17;
				GCC_DYNAMIC_NO_PIC = NO;
				GCC_NO_COMMON_BLOCKS = YES;
				GCC_OPTIMIZATION_LEVEL = 0;
				GCC_PREPROCESSOR_DEFINITIONS = (
					"DEBUG=1",
					"$(inherited)",
				);
				GCC_WARN_64_TO_32_BIT_CONVERSION = YES;
				GCC_WARN_ABOUT_RETURN_TYPE = YES_ERROR;
				GCC_WARN_UNDECLARED_SELECTOR = YES;
				GCC_WARN_UNINITIALIZED_AUTOS = YES_AGGRESSIVE;
				GCC_WARN_UNUSED_FUNCTION = YES;
				GCC_WARN_UNUSED_VARIABLE = YES;
				LOCALIZATION_PREFERS_STRING_CATALOGS = YES;
				MACOSX_DEPLOYMENT_TARGET = 27.0;
				MTL_ENABLE_DEBUG_INFO = INCLUDE_SOURCE;
				MTL_FAST_MATH = YES;
				ONLY_ACTIVE_ARCH = YES;
				SDKROOT = macosx;
				SWIFT_ACTIVE_COMPILATION_CONDITIONS = "DEBUG $(inherited)";
				SWIFT_OPTIMIZATION_LEVEL = "-Onone";
			};
			name = Debug;
		};
		84E196D030610D2D008E80BF /* Release configuration for PBXProject "Talos" */ = {
			isa = XCBuildConfiguration;
			buildSettings = {
				ALWAYS_SEARCH_USER_PATHS = NO;
				ASSETCATALOG_COMPILER_GENERATE_SWIFT_ASSET_SYMBOL_EXTENSIONS = YES;
				CLANG_ANALYZER_NONNULL = YES;
				CLANG_ANALYZER_NUMBER_OBJECT_CONVERSION = YES_AGGRESSIVE;
				CLANG_CXX_LANGUAGE_STANDARD = "gnu++20";
				CLANG_ENABLE_MODULES = YES;
				CLANG_ENABLE_OBJC_ARC = YES;
				CLANG_ENABLE_OBJC_WEAK = YES;
				CLANG_WARN_BLOCK_CAPTURE_AUTORELEASING = YES;
				CLANG_WARN_BOOL_CONVERSION = YES;
				CLANG_WARN_COMMA = YES;
				CLANG_WARN_CONSTANT_CONVERSION = YES;
				CLANG_WARN_DEPRECATED_OBJC_IMPLEMENTATIONS = YES;
				CLANG_WARN_DIRECT_OBJC_ISA_USAGE = YES_ERROR;
				CLANG_WARN_DOCUMENTATION_COMMENTS = YES;
				CLANG_WARN_EMPTY_BODY = YES;
				CLANG_WARN_ENUM_CONVERSION = YES;
				CLANG_WARN_INFINITE_RECURSION = YES;
				CLANG_WARN_INT_CONVERSION = YES;
				CLANG_WARN_NON_LITERAL_NULL_CONVERSION = YES;
				CLANG_WARN_OBJC_IMPLICIT_RETAIN_SELF = YES;
				CLANG_WARN_OBJC_LITERAL_CONVERSION = YES;
				CLANG_WARN_OBJC_ROOT_CLASS = YES_ERROR;
				CLANG_WARN_QUOTED_INCLUDE_IN_FRAMEWORK_HEADER = YES;
				CLANG_WARN_RANGE_LOOP_ANALYSIS = YES;
				CLANG_WARN_STRICT_PROTOTYPES = YES;
				CLANG_WARN_SUSPICIOUS_MOVE = YES;
				CLANG_WARN_UNGUARDED_AVAILABILITY = YES_AGGRESSIVE;
				CLANG_WARN_UNREACHABLE_CODE = YES;
				CLANG_WARN__DUPLICATE_METHOD_MATCH = YES;
				COPY_PHASE_STRIP = NO;
				DEBUG_INFORMATION_FORMAT = "dwarf-with-dsym";
				DEVELOPMENT_TEAM = U6WA8YA735;
				ENABLE_NS_ASSERTIONS = NO;
				ENABLE_STRICT_OBJC_MSGSEND = YES;
				ENABLE_USER_SCRIPT_SANDBOXING = YES;
				GCC_C_LANGUAGE_STANDARD = gnu17;
				GCC_NO_COMMON_BLOCKS = YES;
				GCC_WARN_64_TO_32_BIT_CONVERSION = YES;
				GCC_WARN_ABOUT_RETURN_TYPE = YES_ERROR;
				GCC_WARN_UNDECLARED_SELECTOR = YES;
				GCC_WARN_UNINITIALIZED_AUTOS = YES_AGGRESSIVE;
				GCC_WARN_UNUSED_FUNCTION = YES;
				GCC_WARN_UNUSED_VARIABLE = YES;
				LOCALIZATION_PREFERS_STRING_CATALOGS = YES;
				MACOSX_DEPLOYMENT_TARGET = 27.0;
				MTL_ENABLE_DEBUG_INFO = NO;
				MTL_FAST_MATH = YES;
				SDKROOT = macosx;
				SWIFT_COMPILATION_MODE = wholemodule;
			};
			name = Release;
		};
		84E196D230610D2D008E80BF /* Debug configuration for PBXNativeTarget "Talos" */ = {
			isa = XCBuildConfiguration;
			buildSettings = {
				ASSETCATALOG_COMPILER_APPICON_NAME = TalosIcon;
				ASSETCATALOG_COMPILER_GLOBAL_ACCENT_COLOR_NAME = AccentColor;
				CODE_SIGN_ENTITLEMENTS = Configuration/Talos.entitlements;
				CODE_SIGN_STYLE = Automatic;
				COMBINE_HIDPI_IMAGES = YES;
				CURRENT_PROJECT_VERSION = 1;
				DEVELOPMENT_TEAM = U6WA8YA735;
				ENABLE_APP_SANDBOX = NO;
				ENABLE_HARDENED_RUNTIME = YES;
				ENABLE_OUTGOING_NETWORK_CONNECTIONS = YES;
				ENABLE_PREVIEWS = YES;
				// The runtime build phase downloads, unpacks, and signs Node.
				ENABLE_USER_SCRIPT_SANDBOXING = NO;
				ENABLE_USER_SELECTED_FILES = readwrite;
				GENERATE_INFOPLIST_FILE = YES;
				INFOPLIST_FILE = Configuration/Info.plist;
				INFOPLIST_KEY_LSUIElement = YES;
				INFOPLIST_KEY_NSHumanReadableCopyright = "";
				LD_RUNPATH_SEARCH_PATHS = (
					"$(inherited)",
					"@executable_path/../Frameworks",
				);
				MARKETING_VERSION = 1.0.1;
				PRODUCT_BUNDLE_IDENTIFIER = com.thom1606.Talos;
				PRODUCT_NAME = "$(TARGET_NAME)";
				STRING_CATALOG_GENERATE_SYMBOLS = YES;
				SWIFT_APPROACHABLE_CONCURRENCY = YES;
				SWIFT_DEFAULT_ACTOR_ISOLATION = MainActor;
				SWIFT_EMIT_LOC_STRINGS = YES;
				SWIFT_UPCOMING_FEATURE_MEMBER_IMPORT_VISIBILITY = YES;
				SWIFT_VERSION = 5.0;
			};
			name = Debug;
		};
		84E196D330610D2D008E80BF /* Release configuration for PBXNativeTarget "Talos" */ = {
			isa = XCBuildConfiguration;
			buildSettings = {
				ASSETCATALOG_COMPILER_APPICON_NAME = TalosIcon;
				ASSETCATALOG_COMPILER_GLOBAL_ACCENT_COLOR_NAME = AccentColor;
				CODE_SIGN_ENTITLEMENTS = Configuration/Talos.entitlements;
				CODE_SIGN_STYLE = Automatic;
				COMBINE_HIDPI_IMAGES = YES;
				CURRENT_PROJECT_VERSION = 1;
				DEVELOPMENT_TEAM = U6WA8YA735;
				ENABLE_APP_SANDBOX = NO;
				ENABLE_HARDENED_RUNTIME = YES;
				ENABLE_OUTGOING_NETWORK_CONNECTIONS = YES;
				ENABLE_PREVIEWS = YES;
				// The runtime build phase downloads, unpacks, and signs Node.
				ENABLE_USER_SCRIPT_SANDBOXING = NO;
				ENABLE_USER_SELECTED_FILES = readwrite;
				GENERATE_INFOPLIST_FILE = YES;
				INFOPLIST_FILE = Configuration/Info.plist;
				INFOPLIST_KEY_LSUIElement = YES;
				INFOPLIST_KEY_NSHumanReadableCopyright = "";
				LD_RUNPATH_SEARCH_PATHS = (
					"$(inherited)",
					"@executable_path/../Frameworks",
				);
				MARKETING_VERSION = 1.0.1;
				PRODUCT_BUNDLE_IDENTIFIER = com.thom1606.Talos;
				PRODUCT_NAME = "$(TARGET_NAME)";
				STRING_CATALOG_GENERATE_SYMBOLS = YES;
				SWIFT_APPROACHABLE_CONCURRENCY = YES;
				SWIFT_DEFAULT_ACTOR_ISOLATION = MainActor;
				SWIFT_EMIT_LOC_STRINGS = YES;
				SWIFT_UPCOMING_FEATURE_MEMBER_IMPORT_VISIBILITY = YES;
				SWIFT_VERSION = 5.0;
			};
			name = Release;
		};
		E2E000000000000000000008 = {
			isa = XCBuildConfiguration;
			name = Debug;
			buildSettings = {
				CODE_SIGN_STYLE = Automatic;
				DEVELOPMENT_TEAM = U6WA8YA735;
				ENABLE_USER_SCRIPT_SANDBOXING = NO;
				GENERATE_INFOPLIST_FILE = YES;
				PRODUCT_BUNDLE_IDENTIFIER = com.thom1606.Talos.UITests;
				PRODUCT_NAME = "$(TARGET_NAME)";
				SWIFT_VERSION = 5.0;
				TEST_TARGET_NAME = Talos;
			};
		};
		E2E000000000000000000009 = {
			isa = XCBuildConfiguration;
			name = Release;
			buildSettings = {
				CODE_SIGN_STYLE = Automatic;
				DEVELOPMENT_TEAM = U6WA8YA735;
				ENABLE_USER_SCRIPT_SANDBOXING = NO;
				GENERATE_INFOPLIST_FILE = YES;
				PRODUCT_BUNDLE_IDENTIFIER = com.thom1606.Talos.UITests;
				PRODUCT_NAME = "$(TARGET_NAME)";
				SWIFT_VERSION = 5.0;
				TEST_TARGET_NAME = Talos;
			};
		};
/* End XCBuildConfiguration section */

/* Begin XCConfigurationList section */
		84E196C130610D2C008E80BF /* Build configuration list for PBXProject "Talos" */ = {
			isa = XCConfigurationList;
			buildConfigurations = (
				84E196CF30610D2D008E80BF /* Debug configuration for PBXProject "Talos" */,
				84E196D030610D2D008E80BF /* Release configuration for PBXProject "Talos" */,
			);
			defaultConfigurationName = Release;
		};
		84E196D130610D2D008E80BF /* Build configuration list for PBXNativeTarget "Talos" */ = {
			isa = XCConfigurationList;
			buildConfigurations = (
				84E196D230610D2D008E80BF /* Debug configuration for PBXNativeTarget "Talos" */,
				84E196D330610D2D008E80BF /* Release configuration for PBXNativeTarget "Talos" */,
			);
			defaultConfigurationName = Release;
		};
		E2E000000000000000000007 = {
			isa = XCConfigurationList;
			buildConfigurations = (E2E000000000000000000008, E2E000000000000000000009);
			defaultConfigurationIsVisible = 0;
			defaultConfigurationName = Release;
		};
/* End XCConfigurationList section */

/* Begin XCRemoteSwiftPackageReference section */
		C30000000000000000000003 /* XCRemoteSwiftPackageReference "Sparkle" */ = {
			isa = XCRemoteSwiftPackageReference;
			repositoryURL = "https://github.com/sparkle-project/Sparkle";
			requirement = {
				kind = upToNextMajorVersion;
				minimumVersion = 2.8.0;
			};
		};
		C40000000000000000000003 /* XCRemoteSwiftPackageReference "ZIPFoundation" */ = {
            isa = XCRemoteSwiftPackageReference;
            repositoryURL = "https://github.com/weichsel/ZIPFoundation";
            requirement = { kind = exactVersion; version = 0.9.20; };
        };
/* End XCRemoteSwiftPackageReference section */

/* Begin XCSwiftPackageProductDependency section */
		C30000000000000000000002 /* Sparkle */ = {
			isa = XCSwiftPackageProductDependency;
			package = C30000000000000000000003 /* XCRemoteSwiftPackageReference "Sparkle" */;
			productName = Sparkle;
		};
		C40000000000000000000002 /* ZIPFoundation */ = {
            isa = XCSwiftPackageProductDependency;
            package = C40000000000000000000003 /* XCRemoteSwiftPackageReference "ZIPFoundation" */;
            productName = ZIPFoundation;
        };
/* End XCSwiftPackageProductDependency section */
	};
	rootObject = 84E196BE30610D2C008E80BF /* Project object */;
	validationLevel = 1;
}
